
Microsoft Visual Studio Solution File, Format Version 12.00
# Visual Studio Version 17
VisualStudioVersion = 17.7.34024.191
MinimumVisualStudioVersion = 10.0.40219.1
Project("{FAE04EC0-301F-11D3-BF4B-00C04F79EFBC}") = "SignUpPage", "SignUpPage\SignUpPage.csproj", "{8CD88C1B-DF3C-4CDE-BA5D-BAA627C52235}"
EndProject
Global
	GlobalSection(SolutionConfigurationPlatforms) = preSolution
		Debug|Any CPU = Debug|Any CPU
		Release|Any CPU = Release|Any CPU
	EndGlobalSection
	GlobalSection(ProjectConfigurationPlatforms) = postSolution
		{8CD88C1B-DF3C-4CDE-BA5D-BAA627C52235}.Debug|Any CPU.ActiveCfg = Debug|Any CPU
		{8CD88C1B-DF3C-4CDE-BA5D-BAA627C52235}.Debug|Any CPU.Build.0 = Debug|Any CPU
		{8CD88C1B-DF3C-4CDE-BA5D-BAA627C52235}.Release|Any CPU.ActiveCfg = Release|Any CPU
		{8CD88C1B-DF3C-4CDE-BA5D-BAA627C52235}.Release|Any CPU.Build.0 = Release|Any CPU
	EndGlobalSection
	GlobalSection(SolutionProperties) = preSolution
		HideSolutionNode = FALSE
	EndGlobalSection
	GlobalSection(ExtensibilityGlobals) = postSolution
		SolutionGuid = {110186F0-5831-477F-A7BA-F3AAD02C2FB6}
	EndGlobalSection
EndGlobal
